
Microsoft Visual Studio Solution File, Format Version 12.00
# Visual Studio Version 17
VisualStudioVersion = 17.8.34316.72
MinimumVisualStudioVersion = 10.0.40219.1
Project("{2150E333-8FDC-42A3-9474-1A3956D46DE8}") = "API", "API", "{023E3116-3BA9-4AEC-9BDA-81818870C1FD}"
EndProject
Project("{2150E333-8FDC-42A3-9474-1A3956D46DE8}") = "Business", "Business", "{68DD5C2C-FA0D-4A26-B9B4-C7A4FC96792C}"
EndProject
Project("{2150E333-8FDC-42A3-9474-1A3956D46DE8}") = "Core", "Core", "{F2C45FA3-E882-4819-9CA9-1253A8D64675}"
EndProject
Project("{9A19103F-16F7-4668-BE54-9A1E7A4F7556}") = "Core", "Core\Core.csproj", "{464D6317-DBF3-4A89-8704-8F51B872522E}"
EndProject
Project("{9A19103F-16F7-4668-BE54-9A1E7A4F7556}") = "Business", "Business\Business.csproj", "{0F2A7D3A-7174-48CA-AC75-D502A32D1D95}"
EndProject
Project("{9A19103F-16F7-4668-BE54-9A1E7A4F7556}") = "API", "API\API.csproj", "{F366D498-ABCB-424F-A84B-81B2FA1200B3}"
EndProject
Global
	GlobalSection(SolutionConfigurationPlatforms) = preSolution
		Debug|Any CPU = Debug|Any CPU
		Release|Any CPU = Release|Any CPU
	EndGlobalSection
	GlobalSection(ProjectConfigurationPlatforms) = postSolution
		{464D6317-DBF3-4A89-8704-8F51B872522E}.Debug|Any CPU.ActiveCfg = Debug|Any CPU
		{464D6317-DBF3-4A89-8704-8F51B872522E}.Debug|Any CPU.Build.0 = Debug|Any CPU
		{464D6317-DBF3-4A89-8704-8F51B872522E}.Release|Any CPU.ActiveCfg = Release|Any CPU
		{464D6317-DBF3-4A89-8704-8F51B872522E}.Release|Any CPU.Build.0 = Release|Any CPU
		{0F2A7D3A-7174-48CA-AC75-D502A32D1D95}.Debug|Any CPU.ActiveCfg = Debug|Any CPU
		{0F2A7D3A-7174-48CA-AC75-D502A32D1D95}.Debug|Any CPU.Build.0 = Debug|Any CPU
		{0F2A7D3A-7174-48CA-AC75-D502A32D1D95}.Release|Any CPU.ActiveCfg = Release|Any CPU
		{0F2A7D3A-7174-48CA-AC75-D502A32D1D95}.Release|Any CPU.Build.0 = Release|Any CPU
		{F366D498-ABCB-424F-A84B-81B2FA1200B3}.Debug|Any CPU.ActiveCfg = Debug|Any CPU
		{F366D498-ABCB-424F-A84B-81B2FA1200B3}.Debug|Any CPU.Build.0 = Debug|Any CPU
		{F366D498-ABCB-424F-A84B-81B2FA1200B3}.Release|Any CPU.ActiveCfg = Release|Any CPU
		{F366D498-ABCB-424F-A84B-81B2FA1200B3}.Release|Any CPU.Build.0 = Release|Any CPU
	EndGlobalSection
	GlobalSection(SolutionProperties) = preSolution
		HideSolutionNode = FALSE
	EndGlobalSection
	GlobalSection(NestedProjects) = preSolution
		{464D6317-DBF3-4A89-8704-8F51B872522E} = {F2C45FA3-E882-4819-9CA9-1253A8D64675}
		{0F2A7D3A-7174-48CA-AC75-D502A32D1D95} = {68DD5C2C-FA0D-4A26-B9B4-C7A4FC96792C}
		{F366D498-ABCB-424F-A84B-81B2FA1200B3} = {023E3116-3BA9-4AEC-9BDA-81818870C1FD}
	EndGlobalSection
	GlobalSection(ExtensibilityGlobals) = postSolution
		SolutionGuid = {779E6508-8462-4EDF-A35C-E1797B6F3E04}
	EndGlobalSection
EndGlobal
