
Microsoft Visual Studio Solution File, Format Version 12.00
# Visual Studio Version 17
VisualStudioVersion = 17.8.34316.72
MinimumVisualStudioVersion = 10.0.40219.1
Project("{FAE04EC0-301F-11D3-BF4B-00C04F79EFBC}") = "Api", "Api\Api.csproj", "{D901C032-FE91-442B-9985-2366C4CA29D9}"
EndProject
Project("{FAE04EC0-301F-11D3-BF4B-00C04F79EFBC}") = "Application", "Application\Application.csproj", "{84F6FBD0-EC6C-42CC-941B-D758D478D255}"
EndProject
Project("{FAE04EC0-301F-11D3-BF4B-00C04F79EFBC}") = "Domain", "Domain\Domain.csproj", "{4780771A-4FA9-467C-9DE3-3731C808E1B2}"
EndProject
Project("{FAE04EC0-301F-11D3-BF4B-00C04F79EFBC}") = "Infrastructure", "Infrastructure\Infrastructure.csproj", "{ED263164-86E7-4134-81CC-27D3F2F3C418}"
EndProject
Global
	GlobalSection(SolutionConfigurationPlatforms) = preSolution
		Debug|Any CPU = Debug|Any CPU
		Debug|x64 = Debug|x64
		Debug|x86 = Debug|x86
		Release|Any CPU = Release|Any CPU
		Release|x64 = Release|x64
		Release|x86 = Release|x86
	EndGlobalSection
	GlobalSection(ProjectConfigurationPlatforms) = postSolution
		{D901C032-FE91-442B-9985-2366C4CA29D9}.Debug|Any CPU.ActiveCfg = Debug|Any CPU
		{D901C032-FE91-442B-9985-2366C4CA29D9}.Debug|Any CPU.Build.0 = Debug|Any CPU
		{D901C032-FE91-442B-9985-2366C4CA29D9}.Debug|x64.ActiveCfg = Debug|Any CPU
		{D901C032-FE91-442B-9985-2366C4CA29D9}.Debug|x64.Build.0 = Debug|Any CPU
		{D901C032-FE91-442B-9985-2366C4CA29D9}.Debug|x86.ActiveCfg = Debug|Any CPU
		{D901C032-FE91-442B-9985-2366C4CA29D9}.Debug|x86.Build.0 = Debug|Any CPU
		{D901C032-FE91-442B-9985-2366C4CA29D9}.Release|Any CPU.ActiveCfg = Release|Any CPU
		{D901C032-FE91-442B-9985-2366C4CA29D9}.Release|Any CPU.Build.0 = Release|Any CPU
		{D901C032-FE91-442B-9985-2366C4CA29D9}.Release|x64.ActiveCfg = Release|Any CPU
		{D901C032-FE91-442B-9985-2366C4CA29D9}.Release|x64.Build.0 = Release|Any CPU
		{D901C032-FE91-442B-9985-2366C4CA29D9}.Release|x86.ActiveCfg = Release|Any CPU
		{D901C032-FE91-442B-9985-2366C4CA29D9}.Release|x86.Build.0 = Release|Any CPU
		{84F6FBD0-EC6C-42CC-941B-D758D478D255}.Debug|Any CPU.ActiveCfg = Debug|Any CPU
		{84F6FBD0-EC6C-42CC-941B-D758D478D255}.Debug|Any CPU.Build.0 = Debug|Any CPU
		{84F6FBD0-EC6C-42CC-941B-D758D478D255}.Debug|x64.ActiveCfg = Debug|Any CPU
		{84F6FBD0-EC6C-42CC-941B-D758D478D255}.Debug|x64.Build.0 = Debug|Any CPU
		{84F6FBD0-EC6C-42CC-941B-D758D478D255}.Debug|x86.ActiveCfg = Debug|Any CPU
		{84F6FBD0-EC6C-42CC-941B-D758D478D255}.Debug|x86.Build.0 = Debug|Any CPU
		{84F6FBD0-EC6C-42CC-941B-D758D478D255}.Release|Any CPU.ActiveCfg = Release|Any CPU
		{84F6FBD0-EC6C-42CC-941B-D758D478D255}.Release|Any CPU.Build.0 = Release|Any CPU
		{84F6FBD0-EC6C-42CC-941B-D758D478D255}.Release|x64.ActiveCfg = Release|Any CPU
		{84F6FBD0-EC6C-42CC-941B-D758D478D255}.Release|x64.Build.0 = Release|Any CPU
		{84F6FBD0-EC6C-42CC-941B-D758D478D255}.Release|x86.ActiveCfg = Release|Any CPU
		{84F6FBD0-EC6C-42CC-941B-D758D478D255}.Release|x86.Build.0 = Release|Any CPU
		{4780771A-4FA9-467C-9DE3-3731C808E1B2}.Debug|Any CPU.ActiveCfg = Debug|Any CPU
		{4780771A-4FA9-467C-9DE3-3731C808E1B2}.Debug|Any CPU.Build.0 = Debug|Any CPU
		{4780771A-4FA9-467C-9DE3-3731C808E1B2}.Debug|x64.ActiveCfg = Debug|Any CPU
		{4780771A-4FA9-467C-9DE3-3731C808E1B2}.Debug|x64.Build.0 = Debug|Any CPU
		{4780771A-4FA9-467C-9DE3-3731C808E1B2}.Debug|x86.ActiveCfg = Debug|Any CPU
		{4780771A-4FA9-467C-9DE3-3731C808E1B2}.Debug|x86.Build.0 = Debug|Any CPU
		{4780771A-4FA9-467C-9DE3-3731C808E1B2}.Release|Any CPU.ActiveCfg = Release|Any CPU
		{4780771A-4FA9-467C-9DE3-3731C808E1B2}.Release|Any CPU.Build.0 = Release|Any CPU
		{4780771A-4FA9-467C-9DE3-3731C808E1B2}.Release|x64.ActiveCfg = Release|Any CPU
		{4780771A-4FA9-467C-9DE3-3731C808E1B2}.Release|x64.Build.0 = Release|Any CPU
		{4780771A-4FA9-467C-9DE3-3731C808E1B2}.Release|x86.ActiveCfg = Release|Any CPU
		{4780771A-4FA9-467C-9DE3-3731C808E1B2}.Release|x86.Build.0 = Release|Any CPU
		{ED263164-86E7-4134-81CC-27D3F2F3C418}.Debug|Any CPU.ActiveCfg = Debug|Any CPU
		{ED263164-86E7-4134-81CC-27D3F2F3C418}.Debug|Any CPU.Build.0 = Debug|Any CPU
		{ED263164-86E7-4134-81CC-27D3F2F3C418}.Debug|x64.ActiveCfg = Debug|Any CPU
		{ED263164-86E7-4134-81CC-27D3F2F3C418}.Debug|x64.Build.0 = Debug|Any CPU
		{ED263164-86E7-4134-81CC-27D3F2F3C418}.Debug|x86.ActiveCfg = Debug|Any CPU
		{ED263164-86E7-4134-81CC-27D3F2F3C418}.Debug|x86.Build.0 = Debug|Any CPU
		{ED263164-86E7-4134-81CC-27D3F2F3C418}.Release|Any CPU.ActiveCfg = Release|Any CPU
		{ED263164-86E7-4134-81CC-27D3F2F3C418}.Release|Any CPU.Build.0 = Release|Any CPU
		{ED263164-86E7-4134-81CC-27D3F2F3C418}.Release|x64.ActiveCfg = Release|Any CPU
		{ED263164-86E7-4134-81CC-27D3F2F3C418}.Release|x64.Build.0 = Release|Any CPU
		{ED263164-86E7-4134-81CC-27D3F2F3C418}.Release|x86.ActiveCfg = Release|Any CPU
		{ED263164-86E7-4134-81CC-27D3F2F3C418}.Release|x86.Build.0 = Release|Any CPU
	EndGlobalSection
	GlobalSection(SolutionProperties) = preSolution
		HideSolutionNode = FALSE
	EndGlobalSection
	GlobalSection(ExtensibilityGlobals) = postSolution
		SolutionGuid = {779E6508-8462-4EDF-A35C-E1797B6F3E04}
	EndGlobalSection
EndGlobal
