<Solution>
  <Folder Name="/Solution Items/">
    <File Path="Directory.Build.props" />
    <File Path="Directory.Packages.props" />
    <File Path="docker-compose.yml" />
    <File Path="Dockerfile" />
    <File Path="README.md" />
  </Folder>
  <Project Path="SourceBase.Api/SourceBase.Api.csproj" />
  <Project Path="SourceBase.AppHost/SourceBase.AppHost.csproj" />
  <Project Path="SourceBase.ServiceDefaults/SourceBase.ServiceDefaults.csproj" />
  <Project Path="SourceBase.Tests/SourceBase.Tests.csproj" />
</Solution>
